
Microsoft Visual Studio Solution File, Format Version 12.00
# Visual Studio Version 16
VisualStudioVersion = 16.0.30413.136
MinimumVisualStudioVersion = 10.0.40219.1
Project("{FAE04EC0-301F-11D3-BF4B-00C04F79EFBC}") = "easyPDF", "easyPDF.csproj", "{3359D854-89AA-433C-B3C5-AF597C96B59F}"
EndProject
Project("{54435603-DBB4-11D2-8724-00A0C9A8B90C}") = "EasyPDFSetup", "..\EasyPDFSetup\EasyPDFSetup.vdproj", "{39CF673E-995D-4524-B970-04C374C29E58}"
EndProject
Global
	GlobalSection(SolutionConfigurationPlatforms) = preSolution
		Debug|Any CPU = Debug|Any CPU
		Release|Any CPU = Release|Any CPU
	EndGlobalSection
	GlobalSection(ProjectConfigurationPlatforms) = postSolution
		{3359D854-89AA-433C-B3C5-AF597C96B59F}.Debug|Any CPU.ActiveCfg = Debug|Any CPU
		{3359D854-89AA-433C-B3C5-AF597C96B59F}.Debug|Any CPU.Build.0 = Debug|Any CPU
		{3359D854-89AA-433C-B3C5-AF597C96B59F}.Release|Any CPU.ActiveCfg = Release|Any CPU
		{3359D854-89AA-433C-B3C5-AF597C96B59F}.Release|Any CPU.Build.0 = Release|Any CPU
		{39CF673E-995D-4524-B970-04C374C29E58}.Debug|Any CPU.ActiveCfg = Debug
		{39CF673E-995D-4524-B970-04C374C29E58}.Release|Any CPU.ActiveCfg = Release
	EndGlobalSection
	GlobalSection(SolutionProperties) = preSolution
		HideSolutionNode = FALSE
	EndGlobalSection
	GlobalSection(ExtensibilityGlobals) = postSolution
		SolutionGuid = {D2E414B3-BB6C-40A8-8E45-059F51E4E2A3}
	EndGlobalSection
EndGlobal
